{
  "name": "build.jermolene.github.io",
  "version": "0.0.0",
  "lockfileVersion": 1,
  "requires": true,
  "dependencies": {
    "tiddlywiki": {
      "version": "5.1.18",
      "resolved": "https://registry.npmjs.org/tiddlywiki/-/tiddlywiki-5.1.18.tgz",
      "integrity": "sha512-BJqn9kgnexliEEH40DfArmbuXnQIXUWs5DCxwhCd80zJwqxJJ/HlI7rW7dD6KSht4oVtPg/QQvOw84EmqMOHTA=="
    }
  }
}
